
Microsoft Visual Studio Solution File, Format Version 12.00
# Visual Studio 15
VisualStudioVersion = 15.0.27703.2042
MinimumVisualStudioVersion = 10.0.40219.1
Project("{FAE04EC0-301F-11D3-BF4B-00C04F79EFBC}") = "WebApplication1", "WebApplication1\WebApplication1.csproj", "{D1762353-59A2-488A-B163-89EA07A0DA28}"
EndProject
Project("{FAE04EC0-301F-11D3-BF4B-00C04F79EFBC}") = "WebApplication2", "WebApplication2\WebApplication2.csproj", "{4BFF40AF-7055-4107-A859-91A9ACE7B503}"
EndProject
Global
	GlobalSection(SolutionConfigurationPlatforms) = preSolution
		Debug|Any CPU = Debug|Any CPU
		Release|Any CPU = Release|Any CPU
	EndGlobalSection
	GlobalSection(ProjectConfigurationPlatforms) = postSolution
		{D1762353-59A2-488A-B163-89EA07A0DA28}.Debug|Any CPU.ActiveCfg = Debug|Any CPU
		{D1762353-59A2-488A-B163-89EA07A0DA28}.Debug|Any CPU.Build.0 = Debug|Any CPU
		{D1762353-59A2-488A-B163-89EA07A0DA28}.Release|Any CPU.ActiveCfg = Release|Any CPU
		{D1762353-59A2-488A-B163-89EA07A0DA28}.Release|Any CPU.Build.0 = Release|Any CPU
		{4BFF40AF-7055-4107-A859-91A9ACE7B503}.Debug|Any CPU.ActiveCfg = Debug|Any CPU
		{4BFF40AF-7055-4107-A859-91A9ACE7B503}.Debug|Any CPU.Build.0 = Debug|Any CPU
		{4BFF40AF-7055-4107-A859-91A9ACE7B503}.Release|Any CPU.ActiveCfg = Release|Any CPU
		{4BFF40AF-7055-4107-A859-91A9ACE7B503}.Release|Any CPU.Build.0 = Release|Any CPU
	EndGlobalSection
	GlobalSection(SolutionProperties) = preSolution
		HideSolutionNode = FALSE
	EndGlobalSection
	GlobalSection(ExtensibilityGlobals) = postSolution
		SolutionGuid = {E91E6D38-A9F8-4D5C-8FD8-492190E38B34}
	EndGlobalSection
EndGlobal
